
Microsoft Visual Studio Solution File, Format Version 12.00
# Visual Studio Version 17
VisualStudioVersion = 17.4.33205.214
MinimumVisualStudioVersion = 10.0.40219.1
Project("{FAE04EC0-301F-11D3-BF4B-00C04F79EFBC}") = "WebApplication100", "WebApplication100\WebApplication100.csproj", "{1EE69634-6FAA-40EA-BB3F-AAF33AD32811}"
EndProject
Global
	GlobalSection(SolutionConfigurationPlatforms) = preSolution
		Debug|Any CPU = Debug|Any CPU
		Release|Any CPU = Release|Any CPU
	EndGlobalSection
	GlobalSection(ProjectConfigurationPlatforms) = postSolution
		{1EE69634-6FAA-40EA-BB3F-AAF33AD32811}.Debug|Any CPU.ActiveCfg = Debug|Any CPU
		{1EE69634-6FAA-40EA-BB3F-AAF33AD32811}.Debug|Any CPU.Build.0 = Debug|Any CPU
		{1EE69634-6FAA-40EA-BB3F-AAF33AD32811}.Release|Any CPU.ActiveCfg = Release|Any CPU
		{1EE69634-6FAA-40EA-BB3F-AAF33AD32811}.Release|Any CPU.Build.0 = Release|Any CPU
	EndGlobalSection
	GlobalSection(SolutionProperties) = preSolution
		HideSolutionNode = FALSE
	EndGlobalSection
	GlobalSection(ExtensibilityGlobals) = postSolution
		SolutionGuid = {05ACC35E-FD14-43FF-B320-063494F490BA}
	EndGlobalSection
EndGlobal
